{
  "name": "typescript-react-example",
  "version": "0.1.0",
  "lockfileVersion": 1,
  "requires": true,
  "dependencies": {
    "bs-platform": {
      "version": "7.1.0",
      "resolved": "https://registry.npmjs.org/bs-platform/-/bs-platform-7.1.0.tgz",
      "integrity": "sha512-XUeZf1nGzmsVymG89j5L8G9YNDHl0J/5iDGExXA7a4RKxnbvP2TselBZAzFeEH4rs3gG01b7yKt+h2pm7yh7Ww==",
      "dev": true
    }
  }
}
