{
  "name": "gentype",
  "version": "0.19.0",
  "lockfileVersion": 1,
  "requires": true,
  "dependencies": {
    "bsb-native": {
      "version": "4.0.6",
      "resolved": "https://registry.npmjs.org/bsb-native/-/bsb-native-4.0.6.tgz",
      "integrity": "sha512-T1MkndnmA4StiKK2UvEftrqANN+h9StlLghBbwmKa833d97D86np+2wmIOw5Rqy6rNW3D076A2G51mooWTUwfQ==",
      "requires": {
        "yauzl": "^2.9.1"
      }
    },
    "buffer-crc32": {
      "version": "0.2.13",
      "resolved": "https://registry.npmjs.org/buffer-crc32/-/buffer-crc32-0.2.13.tgz",
      "integrity": "sha1-DTM+PwDqxQqhRUq9MO+MKl2ackI="
    },
    "fd-slicer": {
      "version": "1.1.0",
      "resolved": "https://registry.npmjs.org/fd-slicer/-/fd-slicer-1.1.0.tgz",
      "integrity": "sha1-JcfInLH5B3+IkbvmHY85Dq4lbx4=",
      "requires": {
        "pend": "~1.2.0"
      }
    },
    "pend": {
      "version": "1.2.0",
      "resolved": "https://registry.npmjs.org/pend/-/pend-1.2.0.tgz",
      "integrity": "sha1-elfrVQpng/kRUzH89GY9XI4AelA="
    },
    "yauzl": {
      "version": "2.10.0",
      "resolved": "https://registry.npmjs.org/yauzl/-/yauzl-2.10.0.tgz",
      "integrity": "sha1-x+sXyT4RLLEIb6bY5R+wZnt5pfk=",
      "requires": {
        "buffer-crc32": "~0.2.3",
        "fd-slicer": "~1.1.0"
      }
    }
  }
}
