{
  "name": "gentype",
  "version": "3.11.0",
  "lockfileVersion": 1,
  "requires": true,
  "dependencies": {
    "@esy-ocaml/esy-opam": {
      "version": "0.0.15",
      "resolved": "https://registry.npmjs.org/@esy-ocaml/esy-opam/-/esy-opam-0.0.15.tgz",
      "integrity": "sha512-s3gEaDMCSJwxxz+vjVYAVYWOMqJC+lIckT20A9sB2nYLQ8qGkkm8nIHd7LvgCFPUGxmETOy0etGMLA+K6v6WZw==",
      "dev": true
    },
    "debug": {
      "version": "4.1.1",
      "resolved": "https://registry.npmjs.org/debug/-/debug-4.1.1.tgz",
      "integrity": "sha512-pYAIzeRo8J6KPEaJ0VWOh5Pzkbw/RetuzehGM7QRRX5he4fPHx2rdKMB256ehJCkX+XRQm16eZLqLNS8RSZXZw==",
      "dev": true,
      "requires": {
        "ms": "^2.1.1"
      }
    },
    "esy": {
      "version": "0.5.8",
      "resolved": "https://registry.npmjs.org/esy/-/esy-0.5.8.tgz",
      "integrity": "sha512-LT5d/uAoIoAsaGg133y0U/8DkCgoldu2TO66qQG5Iq/kI1zjbMCDpwcp3yrhQSro0uS6+bYeuVupqrboPcYKyQ==",
      "dev": true,
      "requires": {
        "@esy-ocaml/esy-opam": "0.0.15",
        "esy-solve-cudf": "^0.1.10"
      }
    },
    "esy-solve-cudf": {
      "version": "0.1.10",
      "resolved": "https://registry.npmjs.org/esy-solve-cudf/-/esy-solve-cudf-0.1.10.tgz",
      "integrity": "sha512-/MrZOBH0wuJndvZN8pl+S3Mg3zJaK70PH9ZZwqDeJHulghEWROEZxpmenNiS9pqAaxyUVhTZJBt2/vL9jKCJbg==",
      "dev": true
    },
    "ms": {
      "version": "2.1.2",
      "resolved": "https://registry.npmjs.org/ms/-/ms-2.1.2.tgz",
      "integrity": "sha512-sGkPx+VjMtmA6MX27oA4FBFELFCZZ4S4XqeGOXCv68tT+jb3vk/RyaKWP0PTKyWtmLSM0b+adUTEvbs1PEaH2w==",
      "dev": true
    }
  }
}
