{
  "name": "somelibrary",
  "version": "0.1.0",
  "lockfileVersion": 1,
  "requires": true,
  "dependencies": {
    "bs-platform": {
      "version": "6.2.1",
      "resolved": "https://registry.npmjs.org/bs-platform/-/bs-platform-6.2.1.tgz",
      "integrity": "sha512-FmQ8kYV52A0Y302qh6o0/J9TO+kHzsjGQnsjrg/ONUYIY/jWzBnt9dCBO6EBnaEKfFJLqk5JrUDCxuihqtTcnw==",
      "dev": true
    }
  }
}
