{
  "name": "@demo/use-some-library",
  "version": "0.1.0",
  "lockfileVersion": 1,
  "requires": true,
  "dependencies": {
    "bs-platform": {
      "version": "7.2.1",
      "resolved": "https://registry.npmjs.org/bs-platform/-/bs-platform-7.2.1.tgz",
      "integrity": "sha512-5Opx+I/+f0nWwDmjWhE7B2xAIR4tzQKY7OPFtYO/Eprx3hnLruDPu/jAyShU+Fv8qPWnYcqulw+i0UKOE72kNA==",
      "dev": true
    }
  }
}
