{
  "name": "@demo/use-some-library",
  "version": "0.1.0",
  "lockfileVersion": 1,
  "requires": true,
  "dependencies": {
    "bs-platform": {
      "version": "7.0.2-dev.1",
      "resolved": "https://registry.npmjs.org/bs-platform/-/bs-platform-7.0.2-dev.1.tgz",
      "integrity": "sha512-RuGk0eTIhvtQ8/X3YVISoKX5oIsOpMS/qQHvmnpmLKvwaKVYaTBxVpL8ktjkDkbvvzZoM6Xw93jwqRlQV6IDHQ==",
      "dev": true
    }
  }
}
