{
  "name": "@demo/use-some-library",
  "version": "0.1.0",
  "lockfileVersion": 1,
  "requires": true,
  "dependencies": {
    "bs-platform": {
      "version": "7.0.2-dev.2",
      "resolved": "https://registry.npmjs.org/bs-platform/-/bs-platform-7.0.2-dev.2.tgz",
      "integrity": "sha512-IMHf+9JNrBZy4jpbDZROPjF/13xro5rGGuGmRqlbJe0rImXtHZMmT3jNFXveou/F5hKU8c40jpQEGdUUNv1iFA==",
      "dev": true
    }
  }
}
